
Microsoft Visual Studio Solution File, Format Version 12.00
# Visual Studio Version 17
VisualStudioVersion = 17.6.33815.320
MinimumVisualStudioVersion = 10.0.40219.1
Project("{8BC9CEB8-8B4A-11D0-8D11-00A0C91BC942}") = "caproot", "caproot\caproot.vcxproj", "{6D167551-E794-4FCE-91AC-1C123E91D7E6}"
EndProject
Project("{8BC9CEB8-8B4A-11D0-8D11-00A0C91BC942}") = "mapper", "mapper\mapper.vcxproj", "{26172E7E-02AE-4029-B197-3B0E6047C837}"
EndProject
Project("{8BC9CEB8-8B4A-11D0-8D11-00A0C91BC942}") = "caproot_test", "caproot_test\caproot_test.vcxproj", "{24C60724-549B-426D-B269-8EC591F0AF02}"
EndProject
Project("{8BC9CEB8-8B4A-11D0-8D11-00A0C91BC942}") = "dummy_dll", "dummy_dll\dummy_dll.vcxproj", "{548C3948-2AF1-4858-BB25-5BEF6FA5807A}"
EndProject
Project("{8BC9CEB8-8B4A-11D0-8D11-00A0C91BC942}") = "bootdrv", "bootdrv\bootdrv.vcxproj", "{EC2D18B2-3648-41C8-A75A-99DBA32E3BA8}"
EndProject
Project("{8BC9CEB8-8B4A-11D0-8D11-00A0C91BC942}") = "bootdrv_test", "bootdrv_test\bootdrv_test.vcxproj", "{83664B0C-FC81-4BF6-B22C-0F8A3400EABB}"
EndProject
Global
	GlobalSection(SolutionConfigurationPlatforms) = preSolution
		Debug|x64 = Debug|x64
		Release|x64 = Release|x64
	EndGlobalSection
	GlobalSection(ProjectConfigurationPlatforms) = postSolution
		{6D167551-E794-4FCE-91AC-1C123E91D7E6}.Debug|x64.ActiveCfg = Debug|x64
		{6D167551-E794-4FCE-91AC-1C123E91D7E6}.Debug|x64.Build.0 = Debug|x64
		{6D167551-E794-4FCE-91AC-1C123E91D7E6}.Release|x64.ActiveCfg = Release|x64
		{6D167551-E794-4FCE-91AC-1C123E91D7E6}.Release|x64.Build.0 = Release|x64
		{26172E7E-02AE-4029-B197-3B0E6047C837}.Debug|x64.ActiveCfg = Debug|x64
		{26172E7E-02AE-4029-B197-3B0E6047C837}.Debug|x64.Build.0 = Debug|x64
		{26172E7E-02AE-4029-B197-3B0E6047C837}.Release|x64.ActiveCfg = Release|x64
		{26172E7E-02AE-4029-B197-3B0E6047C837}.Release|x64.Build.0 = Release|x64
		{24C60724-549B-426D-B269-8EC591F0AF02}.Debug|x64.ActiveCfg = Debug|x64
		{24C60724-549B-426D-B269-8EC591F0AF02}.Debug|x64.Build.0 = Debug|x64
		{24C60724-549B-426D-B269-8EC591F0AF02}.Release|x64.ActiveCfg = Release|x64
		{24C60724-549B-426D-B269-8EC591F0AF02}.Release|x64.Build.0 = Release|x64
		{548C3948-2AF1-4858-BB25-5BEF6FA5807A}.Debug|x64.ActiveCfg = Debug|x64
		{548C3948-2AF1-4858-BB25-5BEF6FA5807A}.Debug|x64.Build.0 = Debug|x64
		{548C3948-2AF1-4858-BB25-5BEF6FA5807A}.Release|x64.ActiveCfg = Release|x64
		{548C3948-2AF1-4858-BB25-5BEF6FA5807A}.Release|x64.Build.0 = Release|x64
		{EC2D18B2-3648-41C8-A75A-99DBA32E3BA8}.Debug|x64.ActiveCfg = Debug|x64
		{EC2D18B2-3648-41C8-A75A-99DBA32E3BA8}.Debug|x64.Build.0 = Debug|x64
		{EC2D18B2-3648-41C8-A75A-99DBA32E3BA8}.Debug|x64.Deploy.0 = Debug|x64
		{EC2D18B2-3648-41C8-A75A-99DBA32E3BA8}.Release|x64.ActiveCfg = Release|x64
		{EC2D18B2-3648-41C8-A75A-99DBA32E3BA8}.Release|x64.Build.0 = Release|x64
		{EC2D18B2-3648-41C8-A75A-99DBA32E3BA8}.Release|x64.Deploy.0 = Release|x64
		{83664B0C-FC81-4BF6-B22C-0F8A3400EABB}.Debug|x64.ActiveCfg = Debug|x64
		{83664B0C-FC81-4BF6-B22C-0F8A3400EABB}.Debug|x64.Build.0 = Debug|x64
		{83664B0C-FC81-4BF6-B22C-0F8A3400EABB}.Release|x64.ActiveCfg = Release|x64
		{83664B0C-FC81-4BF6-B22C-0F8A3400EABB}.Release|x64.Build.0 = Release|x64
	EndGlobalSection
	GlobalSection(SolutionProperties) = preSolution
		HideSolutionNode = FALSE
	EndGlobalSection
	GlobalSection(ExtensibilityGlobals) = postSolution
		SolutionGuid = {EA7E929B-11B2-4D0D-9889-1EF21B5F1B95}
	EndGlobalSection
EndGlobal
